
Microsoft Visual Studio Solution File, Format Version 12.00
# Visual Studio Version 17
VisualStudioVersion = 17.14.37111.16 d17.14
MinimumVisualStudioVersion = 10.0.40219.1
Project("{FAE04EC0-301F-11D3-BF4B-00C04F79EFBC}") = "Ejercicio1", "Ejercicio1.csproj", "{CDCFF0DE-0B7F-46DE-AF01-D6F911F7E509}"
EndProject
Global
	GlobalSection(SolutionConfigurationPlatforms) = preSolution
		Debug|Any CPU = Debug|Any CPU
		Release|Any CPU = Release|Any CPU
	EndGlobalSection
	GlobalSection(ProjectConfigurationPlatforms) = postSolution
		{CDCFF0DE-0B7F-46DE-AF01-D6F911F7E509}.Debug|Any CPU.ActiveCfg = Debug|Any CPU
		{CDCFF0DE-0B7F-46DE-AF01-D6F911F7E509}.Debug|Any CPU.Build.0 = Debug|Any CPU
		{CDCFF0DE-0B7F-46DE-AF01-D6F911F7E509}.Release|Any CPU.ActiveCfg = Release|Any CPU
		{CDCFF0DE-0B7F-46DE-AF01-D6F911F7E509}.Release|Any CPU.Build.0 = Release|Any CPU
	EndGlobalSection
	GlobalSection(SolutionProperties) = preSolution
		HideSolutionNode = FALSE
	EndGlobalSection
	GlobalSection(ExtensibilityGlobals) = postSolution
		SolutionGuid = {86EE78CB-7481-4C86-8410-B883CC4ADBFF}
	EndGlobalSection
EndGlobal
